
Microsoft Visual Studio Solution File, Format Version 12.00
# Visual Studio Version 17
VisualStudioVersion = 17.0.31903.59
MinimumVisualStudioVersion = 10.0.40219.1
Project("{FAE04EC0-301F-11D3-BF4B-00C04F79EFBC}") = "Abcs", "..\AbcSolutionsCSharp\src\Abcs\Abcs.csproj", "{3E2568B1-B8B7-422D-A268-D01EABA976D9}"
EndProject
Project("{FAE04EC0-301F-11D3-BF4B-00C04F79EFBC}") = "Smdb.Api", "src\Smdb.Api\Smdb.Api.csproj", "{EE3A0060-9B0D-4470-892F-B108122DD048}"
EndProject
Project("{FAE04EC0-301F-11D3-BF4B-00C04F79EFBC}") = "Smdb.Core", "src\Smdb.Core\Smdb.Core.csproj", "{092E179B-B3BF-4494-B2FF-1AD2F088F6CE}"
EndProject
Project("{FAE04EC0-301F-11D3-BF4B-00C04F79EFBC}") = "Smdb.Csr", "src\Smdb.Csr\Smdb.Csr.csproj", "{AF87761F-D077-4BA3-B310-4D43FA87C34C}"
EndProject
Project("{FAE04EC0-301F-11D3-BF4B-00C04F79EFBC}") = "Smdb.Spa", "src\Smdb.Spa\Smdb.Spa.csproj", "{2527ED01-E8A1-469E-A877-F3A65E1B331B}"
EndProject
Project("{FAE04EC0-301F-11D3-BF4B-00C04F79EFBC}") = "Smdb.Ssr", "src\Smdb.Ssr\Smdb.Ssr.csproj", "{539196DC-C0EC-43E3-A6F2-F6BE887DE540}"
EndProject
Global
	GlobalSection(SolutionConfigurationPlatforms) = preSolution
		Debug|Any CPU = Debug|Any CPU
		Debug|x64 = Debug|x64
		Debug|x86 = Debug|x86
		Release|Any CPU = Release|Any CPU
		Release|x64 = Release|x64
		Release|x86 = Release|x86
	EndGlobalSection
	GlobalSection(ProjectConfigurationPlatforms) = postSolution
		{3E2568B1-B8B7-422D-A268-D01EABA976D9}.Debug|Any CPU.ActiveCfg = Debug|Any CPU
		{3E2568B1-B8B7-422D-A268-D01EABA976D9}.Debug|Any CPU.Build.0 = Debug|Any CPU
		{3E2568B1-B8B7-422D-A268-D01EABA976D9}.Debug|x64.ActiveCfg = Debug|Any CPU
		{3E2568B1-B8B7-422D-A268-D01EABA976D9}.Debug|x64.Build.0 = Debug|Any CPU
		{3E2568B1-B8B7-422D-A268-D01EABA976D9}.Debug|x86.ActiveCfg = Debug|Any CPU
		{3E2568B1-B8B7-422D-A268-D01EABA976D9}.Debug|x86.Build.0 = Debug|Any CPU
		{3E2568B1-B8B7-422D-A268-D01EABA976D9}.Release|Any CPU.ActiveCfg = Release|Any CPU
		{3E2568B1-B8B7-422D-A268-D01EABA976D9}.Release|Any CPU.Build.0 = Release|Any CPU
		{3E2568B1-B8B7-422D-A268-D01EABA976D9}.Release|x64.ActiveCfg = Release|Any CPU
		{3E2568B1-B8B7-422D-A268-D01EABA976D9}.Release|x64.Build.0 = Release|Any CPU
		{3E2568B1-B8B7-422D-A268-D01EABA976D9}.Release|x86.ActiveCfg = Release|Any CPU
		{3E2568B1-B8B7-422D-A268-D01EABA976D9}.Release|x86.Build.0 = Release|Any CPU
		{EE3A0060-9B0D-4470-892F-B108122DD048}.Debug|Any CPU.ActiveCfg = Debug|Any CPU
		{EE3A0060-9B0D-4470-892F-B108122DD048}.Debug|Any CPU.Build.0 = Debug|Any CPU
		{EE3A0060-9B0D-4470-892F-B108122DD048}.Debug|x64.ActiveCfg = Debug|Any CPU
		{EE3A0060-9B0D-4470-892F-B108122DD048}.Debug|x64.Build.0 = Debug|Any CPU
		{EE3A0060-9B0D-4470-892F-B108122DD048}.Debug|x86.ActiveCfg = Debug|Any CPU
		{EE3A0060-9B0D-4470-892F-B108122DD048}.Debug|x86.Build.0 = Debug|Any CPU
		{EE3A0060-9B0D-4470-892F-B108122DD048}.Release|Any CPU.ActiveCfg = Release|Any CPU
		{EE3A0060-9B0D-4470-892F-B108122DD048}.Release|Any CPU.Build.0 = Release|Any CPU
		{EE3A0060-9B0D-4470-892F-B108122DD048}.Release|x64.ActiveCfg = Release|Any CPU
		{EE3A0060-9B0D-4470-892F-B108122DD048}.Release|x64.Build.0 = Release|Any CPU
		{EE3A0060-9B0D-4470-892F-B108122DD048}.Release|x86.ActiveCfg = Release|Any CPU
		{EE3A0060-9B0D-4470-892F-B108122DD048}.Release|x86.Build.0 = Release|Any CPU
		{092E179B-B3BF-4494-B2FF-1AD2F088F6CE}.Debug|Any CPU.ActiveCfg = Debug|Any CPU
		{092E179B-B3BF-4494-B2FF-1AD2F088F6CE}.Debug|Any CPU.Build.0 = Debug|Any CPU
		{092E179B-B3BF-4494-B2FF-1AD2F088F6CE}.Debug|x64.ActiveCfg = Debug|Any CPU
		{092E179B-B3BF-4494-B2FF-1AD2F088F6CE}.Debug|x64.Build.0 = Debug|Any CPU
		{092E179B-B3BF-4494-B2FF-1AD2F088F6CE}.Debug|x86.ActiveCfg = Debug|Any CPU
		{092E179B-B3BF-4494-B2FF-1AD2F088F6CE}.Debug|x86.Build.0 = Debug|Any CPU
		{092E179B-B3BF-4494-B2FF-1AD2F088F6CE}.Release|Any CPU.ActiveCfg = Release|Any CPU
		{092E179B-B3BF-4494-B2FF-1AD2F088F6CE}.Release|Any CPU.Build.0 = Release|Any CPU
		{092E179B-B3BF-4494-B2FF-1AD2F088F6CE}.Release|x64.ActiveCfg = Release|Any CPU
		{092E179B-B3BF-4494-B2FF-1AD2F088F6CE}.Release|x64.Build.0 = Release|Any CPU
		{092E179B-B3BF-4494-B2FF-1AD2F088F6CE}.Release|x86.ActiveCfg = Release|Any CPU
		{092E179B-B3BF-4494-B2FF-1AD2F088F6CE}.Release|x86.Build.0 = Release|Any CPU
		{AF87761F-D077-4BA3-B310-4D43FA87C34C}.Debug|Any CPU.ActiveCfg = Debug|Any CPU
		{AF87761F-D077-4BA3-B310-4D43FA87C34C}.Debug|Any CPU.Build.0 = Debug|Any CPU
		{AF87761F-D077-4BA3-B310-4D43FA87C34C}.Debug|x64.ActiveCfg = Debug|Any CPU
		{AF87761F-D077-4BA3-B310-4D43FA87C34C}.Debug|x64.Build.0 = Debug|Any CPU
		{AF87761F-D077-4BA3-B310-4D43FA87C34C}.Debug|x86.ActiveCfg = Debug|Any CPU
		{AF87761F-D077-4BA3-B310-4D43FA87C34C}.Debug|x86.Build.0 = Debug|Any CPU
		{AF87761F-D077-4BA3-B310-4D43FA87C34C}.Release|Any CPU.ActiveCfg = Release|Any CPU
		{AF87761F-D077-4BA3-B310-4D43FA87C34C}.Release|Any CPU.Build.0 = Release|Any CPU
		{AF87761F-D077-4BA3-B310-4D43FA87C34C}.Release|x64.ActiveCfg = Release|Any CPU
		{AF87761F-D077-4BA3-B310-4D43FA87C34C}.Release|x64.Build.0 = Release|Any CPU
		{AF87761F-D077-4BA3-B310-4D43FA87C34C}.Release|x86.ActiveCfg = Release|Any CPU
		{AF87761F-D077-4BA3-B310-4D43FA87C34C}.Release|x86.Build.0 = Release|Any CPU
		{2527ED01-E8A1-469E-A877-F3A65E1B331B}.Debug|Any CPU.ActiveCfg = Debug|Any CPU
		{2527ED01-E8A1-469E-A877-F3A65E1B331B}.Debug|Any CPU.Build.0 = Debug|Any CPU
		{2527ED01-E8A1-469E-A877-F3A65E1B331B}.Debug|x64.ActiveCfg = Debug|Any CPU
		{2527ED01-E8A1-469E-A877-F3A65E1B331B}.Debug|x64.Build.0 = Debug|Any CPU
		{2527ED01-E8A1-469E-A877-F3A65E1B331B}.Debug|x86.ActiveCfg = Debug|Any CPU
		{2527ED01-E8A1-469E-A877-F3A65E1B331B}.Debug|x86.Build.0 = Debug|Any CPU
		{2527ED01-E8A1-469E-A877-F3A65E1B331B}.Release|Any CPU.ActiveCfg = Release|Any CPU
		{2527ED01-E8A1-469E-A877-F3A65E1B331B}.Release|Any CPU.Build.0 = Release|Any CPU
		{2527ED01-E8A1-469E-A877-F3A65E1B331B}.Release|x64.ActiveCfg = Release|Any CPU
		{2527ED01-E8A1-469E-A877-F3A65E1B331B}.Release|x64.Build.0 = Release|Any CPU
		{2527ED01-E8A1-469E-A877-F3A65E1B331B}.Release|x86.ActiveCfg = Release|Any CPU
		{2527ED01-E8A1-469E-A877-F3A65E1B331B}.Release|x86.Build.0 = Release|Any CPU
		{539196DC-C0EC-43E3-A6F2-F6BE887DE540}.Debug|Any CPU.ActiveCfg = Debug|Any CPU
		{539196DC-C0EC-43E3-A6F2-F6BE887DE540}.Debug|Any CPU.Build.0 = Debug|Any CPU
		{539196DC-C0EC-43E3-A6F2-F6BE887DE540}.Debug|x64.ActiveCfg = Debug|Any CPU
		{539196DC-C0EC-43E3-A6F2-F6BE887DE540}.Debug|x64.Build.0 = Debug|Any CPU
		{539196DC-C0EC-43E3-A6F2-F6BE887DE540}.Debug|x86.ActiveCfg = Debug|Any CPU
		{539196DC-C0EC-43E3-A6F2-F6BE887DE540}.Debug|x86.Build.0 = Debug|Any CPU
		{539196DC-C0EC-43E3-A6F2-F6BE887DE540}.Release|Any CPU.ActiveCfg = Release|Any CPU
		{539196DC-C0EC-43E3-A6F2-F6BE887DE540}.Release|Any CPU.Build.0 = Release|Any CPU
		{539196DC-C0EC-43E3-A6F2-F6BE887DE540}.Release|x64.ActiveCfg = Release|Any CPU
		{539196DC-C0EC-43E3-A6F2-F6BE887DE540}.Release|x64.Build.0 = Release|Any CPU
		{539196DC-C0EC-43E3-A6F2-F6BE887DE540}.Release|x86.ActiveCfg = Release|Any CPU
		{539196DC-C0EC-43E3-A6F2-F6BE887DE540}.Release|x86.Build.0 = Release|Any CPU
	EndGlobalSection
	GlobalSection(SolutionProperties) = preSolution
		HideSolutionNode = FALSE
	EndGlobalSection
EndGlobal
